
Microsoft Visual Studio Solution File, Format Version 12.00
# Visual Studio Version 16
VisualStudioVersion = 16.0.29905.134
MinimumVisualStudioVersion = 10.0.40219.1
Project("{FAE04EC0-301F-11D3-BF4B-00C04F79EFBC}") = "Basket", "Basket\Basket.csproj", "{FE9F045D-77A7-459D-BD5E-2190E8B2C7A5}"
EndProject
Global
	GlobalSection(SolutionConfigurationPlatforms) = preSolution
		Debug|Any CPU = Debug|Any CPU
		Release|Any CPU = Release|Any CPU
	EndGlobalSection
	GlobalSection(ProjectConfigurationPlatforms) = postSolution
		{FE9F045D-77A7-459D-BD5E-2190E8B2C7A5}.Debug|Any CPU.ActiveCfg = Debug|Any CPU
		{FE9F045D-77A7-459D-BD5E-2190E8B2C7A5}.Debug|Any CPU.Build.0 = Debug|Any CPU
		{FE9F045D-77A7-459D-BD5E-2190E8B2C7A5}.Release|Any CPU.ActiveCfg = Release|Any CPU
		{FE9F045D-77A7-459D-BD5E-2190E8B2C7A5}.Release|Any CPU.Build.0 = Release|Any CPU
	EndGlobalSection
	GlobalSection(SolutionProperties) = preSolution
		HideSolutionNode = FALSE
	EndGlobalSection
	GlobalSection(ExtensibilityGlobals) = postSolution
		SolutionGuid = {0EFAD0F0-E66B-4BEA-9318-666A498019D7}
	EndGlobalSection
EndGlobal
